<?xml version="1.0" encoding="utf-8"?>
<Project ToolsVersion="4.0" xmlns="http://schemas.microsoft.com/developer/msbuild/2003">
  <ItemGroup>
    <ClCompile Include="AmbientLightingDemo.cpp">
      <Filter>Source Files</Filter>
    </ClCompile>
    <ClCompile Include="AmbientLightingMaterial.cpp">
      <Filter>Source Files</Filter>
    </ClCompile>
    <ClCompile Include="Program.cpp">
      <Filter>Source Files</Filter>
    </ClCompile>
    <ClCompile Include="RenderingGame.cpp">
      <Filter>Source Files</Filter>
    </ClCompile>
  </ItemGroup>
  <ItemGroup>
    <ClInclude Include="AmbientLightingMaterial.h">
      <Filter>Header Files</Filter>
    </ClInclude>
    <ClInclude Include="AmbientLightingDemo.h">
      <Filter>Header Files</Filter>
    </ClInclude>
    <ClInclude Include="RenderingGame.h">
      <Filter>Header Files</Filter>
    </ClInclude>
  </ItemGroup>
  <ItemGroup>
    <Filter Include="Content">
      <UniqueIdentifier>{141abd8f-b1fa-4e9f-81a0-9503dd49c6b6}</UniqueIdentifier>
    </Filter>
    <Filter Include="Content\Effects">
      <UniqueIdentifier>{5443cccf-e818-44c1-b702-5f2606fd834e}</UniqueIdentifier>
    </Filter>
    <Filter Include="Header Files">
      <UniqueIdentifier>{ed382b7a-689f-434a-95cf-5b04a49c07e3}</UniqueIdentifier>
    </Filter>
    <Filter Include="Source Files">
      <UniqueIdentifier>{72c53000-87b9-4a76-8866-cb17bccd84f9}</UniqueIdentifier>
    </Filter>
  </ItemGroup>
  <ItemGroup>
    <FxCompile Include="content\Effects\AmbientLighting.fx">
      <Filter>Content\Effects</Filter>
    </FxCompile>
  </ItemGroup>
</Project>